
Microsoft Visual Studio Solution File, Format Version 12.00
# Visual Studio Version 16
VisualStudioVersion = 16.0.32802.440
MinimumVisualStudioVersion = 10.0.40219.1
Project("{8BC9CEB8-8B4A-11D0-8D11-00A0C91BC942}") = "HW", "HW\HW.vcxproj", "{6B563A97-927D-4FE1-9FE5-1CC97EC61DB6}"
EndProject
Project("{8BC9CEB8-8B4A-11D0-8D11-00A0C91BC942}") = "HW3V1", "HW3V1\HW3V1.vcxproj", "{E178DFEC-9A2C-420B-9BBC-5D09B28812DA}"
EndProject
Project("{8BC9CEB8-8B4A-11D0-8D11-00A0C91BC942}") = "HW3V2", "HW3V2\HW3V2.vcxproj", "{1013D4C5-1E91-44DA-81EE-051759BF1115}"
EndProject
Project("{8BC9CEB8-8B4A-11D0-8D11-00A0C91BC942}") = "HW4V2.1", "HW4V2.1\HW4V2.1.vcxproj", "{5B331B9C-F479-4D7D-ACAC-6B759D169CE3}"
EndProject
Project("{8BC9CEB8-8B4A-11D0-8D11-00A0C91BC942}") = "HW4V2.2", "HW4V2.2\HW4V2.2.vcxproj", "{0AAA37BA-BBB6-476A-9FB1-90E13712D65D}"
EndProject
Project("{8BC9CEB8-8B4A-11D0-8D11-00A0C91BC942}") = "HW4V2.3", "HW4V2.3\HW4V2.3.vcxproj", "{F8F2EC81-EDD9-40CD-B46D-0E242E370072}"
EndProject
Project("{8BC9CEB8-8B4A-11D0-8D11-00A0C91BC942}") = "HW4V2.4", "HW4V2.4\HW4V2.4.vcxproj", "{E7121B4C-0744-452E-8C4B-5556DD6DFE90}"
EndProject
Project("{8BC9CEB8-8B4A-11D0-8D11-00A0C91BC942}") = "HW4V2.5", "HW4V2.5\HW4V2.5.vcxproj", "{99C87043-FC82-408C-863C-93FCBE69FA62}"
EndProject
Project("{8BC9CEB8-8B4A-11D0-8D11-00A0C91BC942}") = "LB1", "LB1\LB1.vcxproj", "{E873CF48-82D4-403C-B1D8-A7F2E38A7861}"
EndProject
Project("{8BC9CEB8-8B4A-11D0-8D11-00A0C91BC942}") = "HW5.1", "HW5.1\HW5.1.vcxproj", "{1F131472-3B19-42F1-8724-6C7E59202552}"
EndProject
Global
	GlobalSection(SolutionConfigurationPlatforms) = preSolution
		Debug|x64 = Debug|x64
		Debug|x86 = Debug|x86
		Release|x64 = Release|x64
		Release|x86 = Release|x86
	EndGlobalSection
	GlobalSection(ProjectConfigurationPlatforms) = postSolution
		{6B563A97-927D-4FE1-9FE5-1CC97EC61DB6}.Debug|x64.ActiveCfg = Debug|x64
		{6B563A97-927D-4FE1-9FE5-1CC97EC61DB6}.Debug|x64.Build.0 = Debug|x64
		{6B563A97-927D-4FE1-9FE5-1CC97EC61DB6}.Debug|x86.ActiveCfg = Debug|Win32
		{6B563A97-927D-4FE1-9FE5-1CC97EC61DB6}.Debug|x86.Build.0 = Debug|Win32
		{6B563A97-927D-4FE1-9FE5-1CC97EC61DB6}.Release|x64.ActiveCfg = Release|x64
		{6B563A97-927D-4FE1-9FE5-1CC97EC61DB6}.Release|x64.Build.0 = Release|x64
		{6B563A97-927D-4FE1-9FE5-1CC97EC61DB6}.Release|x86.ActiveCfg = Release|Win32
		{6B563A97-927D-4FE1-9FE5-1CC97EC61DB6}.Release|x86.Build.0 = Release|Win32
		{E178DFEC-9A2C-420B-9BBC-5D09B28812DA}.Debug|x64.ActiveCfg = Debug|x64
		{E178DFEC-9A2C-420B-9BBC-5D09B28812DA}.Debug|x64.Build.0 = Debug|x64
		{E178DFEC-9A2C-420B-9BBC-5D09B28812DA}.Debug|x86.ActiveCfg = Debug|Win32
		{E178DFEC-9A2C-420B-9BBC-5D09B28812DA}.Debug|x86.Build.0 = Debug|Win32
		{E178DFEC-9A2C-420B-9BBC-5D09B28812DA}.Release|x64.ActiveCfg = Release|x64
		{E178DFEC-9A2C-420B-9BBC-5D09B28812DA}.Release|x64.Build.0 = Release|x64
		{E178DFEC-9A2C-420B-9BBC-5D09B28812DA}.Release|x86.ActiveCfg = Release|Win32
		{E178DFEC-9A2C-420B-9BBC-5D09B28812DA}.Release|x86.Build.0 = Release|Win32
		{1013D4C5-1E91-44DA-81EE-051759BF1115}.Debug|x64.ActiveCfg = Debug|x64
		{1013D4C5-1E91-44DA-81EE-051759BF1115}.Debug|x64.Build.0 = Debug|x64
		{1013D4C5-1E91-44DA-81EE-051759BF1115}.Debug|x86.ActiveCfg = Debug|Win32
		{1013D4C5-1E91-44DA-81EE-051759BF1115}.Debug|x86.Build.0 = Debug|Win32
		{1013D4C5-1E91-44DA-81EE-051759BF1115}.Release|x64.ActiveCfg = Release|x64
		{1013D4C5-1E91-44DA-81EE-051759BF1115}.Release|x64.Build.0 = Release|x64
		{1013D4C5-1E91-44DA-81EE-051759BF1115}.Release|x86.ActiveCfg = Release|Win32
		{1013D4C5-1E91-44DA-81EE-051759BF1115}.Release|x86.Build.0 = Release|Win32
		{5B331B9C-F479-4D7D-ACAC-6B759D169CE3}.Debug|x64.ActiveCfg = Debug|x64
		{5B331B9C-F479-4D7D-ACAC-6B759D169CE3}.Debug|x64.Build.0 = Debug|x64
		{5B331B9C-F479-4D7D-ACAC-6B759D169CE3}.Debug|x86.ActiveCfg = Debug|Win32
		{5B331B9C-F479-4D7D-ACAC-6B759D169CE3}.Debug|x86.Build.0 = Debug|Win32
		{5B331B9C-F479-4D7D-ACAC-6B759D169CE3}.Release|x64.ActiveCfg = Release|x64
		{5B331B9C-F479-4D7D-ACAC-6B759D169CE3}.Release|x64.Build.0 = Release|x64
		{5B331B9C-F479-4D7D-ACAC-6B759D169CE3}.Release|x86.ActiveCfg = Release|Win32
		{5B331B9C-F479-4D7D-ACAC-6B759D169CE3}.Release|x86.Build.0 = Release|Win32
		{0AAA37BA-BBB6-476A-9FB1-90E13712D65D}.Debug|x64.ActiveCfg = Debug|x64
		{0AAA37BA-BBB6-476A-9FB1-90E13712D65D}.Debug|x64.Build.0 = Debug|x64
		{0AAA37BA-BBB6-476A-9FB1-90E13712D65D}.Debug|x86.ActiveCfg = Debug|Win32
		{0AAA37BA-BBB6-476A-9FB1-90E13712D65D}.Debug|x86.Build.0 = Debug|Win32
		{0AAA37BA-BBB6-476A-9FB1-90E13712D65D}.Release|x64.ActiveCfg = Release|x64
		{0AAA37BA-BBB6-476A-9FB1-90E13712D65D}.Release|x64.Build.0 = Release|x64
		{0AAA37BA-BBB6-476A-9FB1-90E13712D65D}.Release|x86.ActiveCfg = Release|Win32
		{0AAA37BA-BBB6-476A-9FB1-90E13712D65D}.Release|x86.Build.0 = Release|Win32
		{F8F2EC81-EDD9-40CD-B46D-0E242E370072}.Debug|x64.ActiveCfg = Debug|x64
		{F8F2EC81-EDD9-40CD-B46D-0E242E370072}.Debug|x64.Build.0 = Debug|x64
		{F8F2EC81-EDD9-40CD-B46D-0E242E370072}.Debug|x86.ActiveCfg = Debug|Win32
		{F8F2EC81-EDD9-40CD-B46D-0E242E370072}.Debug|x86.Build.0 = Debug|Win32
		{F8F2EC81-EDD9-40CD-B46D-0E242E370072}.Release|x64.ActiveCfg = Release|x64
		{F8F2EC81-EDD9-40CD-B46D-0E242E370072}.Release|x64.Build.0 = Release|x64
		{F8F2EC81-EDD9-40CD-B46D-0E242E370072}.Release|x86.ActiveCfg = Release|Win32
		{F8F2EC81-EDD9-40CD-B46D-0E242E370072}.Release|x86.Build.0 = Release|Win32
		{E7121B4C-0744-452E-8C4B-5556DD6DFE90}.Debug|x64.ActiveCfg = Debug|x64
		{E7121B4C-0744-452E-8C4B-5556DD6DFE90}.Debug|x64.Build.0 = Debug|x64
		{E7121B4C-0744-452E-8C4B-5556DD6DFE90}.Debug|x86.ActiveCfg = Debug|Win32
		{E7121B4C-0744-452E-8C4B-5556DD6DFE90}.Debug|x86.Build.0 = Debug|Win32
		{E7121B4C-0744-452E-8C4B-5556DD6DFE90}.Release|x64.ActiveCfg = Release|x64
		{E7121B4C-0744-452E-8C4B-5556DD6DFE90}.Release|x64.Build.0 = Release|x64
		{E7121B4C-0744-452E-8C4B-5556DD6DFE90}.Release|x86.ActiveCfg = Release|Win32
		{E7121B4C-0744-452E-8C4B-5556DD6DFE90}.Release|x86.Build.0 = Release|Win32
		{99C87043-FC82-408C-863C-93FCBE69FA62}.Debug|x64.ActiveCfg = Debug|x64
		{99C87043-FC82-408C-863C-93FCBE69FA62}.Debug|x64.Build.0 = Debug|x64
		{99C87043-FC82-408C-863C-93FCBE69FA62}.Debug|x86.ActiveCfg = Debug|Win32
		{99C87043-FC82-408C-863C-93FCBE69FA62}.Debug|x86.Build.0 = Debug|Win32
		{99C87043-FC82-408C-863C-93FCBE69FA62}.Release|x64.ActiveCfg = Release|x64
		{99C87043-FC82-408C-863C-93FCBE69FA62}.Release|x64.Build.0 = Release|x64
		{99C87043-FC82-408C-863C-93FCBE69FA62}.Release|x86.ActiveCfg = Release|Win32
		{99C87043-FC82-408C-863C-93FCBE69FA62}.Release|x86.Build.0 = Release|Win32
		{E873CF48-82D4-403C-B1D8-A7F2E38A7861}.Debug|x64.ActiveCfg = Debug|x64
		{E873CF48-82D4-403C-B1D8-A7F2E38A7861}.Debug|x64.Build.0 = Debug|x64
		{E873CF48-82D4-403C-B1D8-A7F2E38A7861}.Debug|x86.ActiveCfg = Debug|Win32
		{E873CF48-82D4-403C-B1D8-A7F2E38A7861}.Debug|x86.Build.0 = Debug|Win32
		{E873CF48-82D4-403C-B1D8-A7F2E38A7861}.Release|x64.ActiveCfg = Release|x64
		{E873CF48-82D4-403C-B1D8-A7F2E38A7861}.Release|x64.Build.0 = Release|x64
		{E873CF48-82D4-403C-B1D8-A7F2E38A7861}.Release|x86.ActiveCfg = Release|Win32
		{E873CF48-82D4-403C-B1D8-A7F2E38A7861}.Release|x86.Build.0 = Release|Win32
		{1F131472-3B19-42F1-8724-6C7E59202552}.Debug|x64.ActiveCfg = Debug|x64
		{1F131472-3B19-42F1-8724-6C7E59202552}.Debug|x64.Build.0 = Debug|x64
		{1F131472-3B19-42F1-8724-6C7E59202552}.Debug|x86.ActiveCfg = Debug|Win32
		{1F131472-3B19-42F1-8724-6C7E59202552}.Debug|x86.Build.0 = Debug|Win32
		{1F131472-3B19-42F1-8724-6C7E59202552}.Release|x64.ActiveCfg = Release|x64
		{1F131472-3B19-42F1-8724-6C7E59202552}.Release|x64.Build.0 = Release|x64
		{1F131472-3B19-42F1-8724-6C7E59202552}.Release|x86.ActiveCfg = Release|Win32
		{1F131472-3B19-42F1-8724-6C7E59202552}.Release|x86.Build.0 = Release|Win32
	EndGlobalSection
	GlobalSection(SolutionProperties) = preSolution
		HideSolutionNode = FALSE
	EndGlobalSection
	GlobalSection(ExtensibilityGlobals) = postSolution
		SolutionGuid = {AD046D6C-25D3-4D8F-88E5-4553ED0811AE}
	EndGlobalSection
EndGlobal
